
Microsoft Visual Studio Solution File, Format Version 12.00
# Visual Studio Version 17
VisualStudioVersion = 17.8.34309.116
MinimumVisualStudioVersion = 10.0.40219.1
Project("{9A19103F-16F7-4668-BE54-9A1E7A4F7556}") = "SoundPlayer", "SoundPlayer\SoundPlayer.csproj", "{AC914D89-724F-4529-92BD-83389A0DBD67}"
EndProject
Project("{9A19103F-16F7-4668-BE54-9A1E7A4F7556}") = "SoundPlayer.DAL", "SoundPlayer.DAL\SoundPlayer.DAL.csproj", "{DBD934F9-62C6-4570-91C4-D4BF42089BB1}"
EndProject
Project("{9A19103F-16F7-4668-BE54-9A1E7A4F7556}") = "SoundPlayer.Domain", "SoundPlayer.Domain\SoundPlayer.Domain.csproj", "{220D7921-37D7-4E48-AB83-FCCCD8CABFA4}"
EndProject
Project("{FAE04EC0-301F-11D3-BF4B-00C04F79EFBC}") = "SoundPlayer.ClientConsole", "SoundPlayer.ClientConsole\SoundPlayer.ClientConsole.csproj", "{B5F090A2-AB58-494D-A699-6E18810CBE66}"
EndProject
Global
	GlobalSection(SolutionConfigurationPlatforms) = preSolution
		Debug|Any CPU = Debug|Any CPU
		Release|Any CPU = Release|Any CPU
	EndGlobalSection
	GlobalSection(ProjectConfigurationPlatforms) = postSolution
		{AC914D89-724F-4529-92BD-83389A0DBD67}.Debug|Any CPU.ActiveCfg = Debug|Any CPU
		{AC914D89-724F-4529-92BD-83389A0DBD67}.Debug|Any CPU.Build.0 = Debug|Any CPU
		{AC914D89-724F-4529-92BD-83389A0DBD67}.Release|Any CPU.ActiveCfg = Release|Any CPU
		{AC914D89-724F-4529-92BD-83389A0DBD67}.Release|Any CPU.Build.0 = Release|Any CPU
		{DBD934F9-62C6-4570-91C4-D4BF42089BB1}.Debug|Any CPU.ActiveCfg = Debug|Any CPU
		{DBD934F9-62C6-4570-91C4-D4BF42089BB1}.Debug|Any CPU.Build.0 = Debug|Any CPU
		{DBD934F9-62C6-4570-91C4-D4BF42089BB1}.Release|Any CPU.ActiveCfg = Release|Any CPU
		{DBD934F9-62C6-4570-91C4-D4BF42089BB1}.Release|Any CPU.Build.0 = Release|Any CPU
		{220D7921-37D7-4E48-AB83-FCCCD8CABFA4}.Debug|Any CPU.ActiveCfg = Debug|Any CPU
		{220D7921-37D7-4E48-AB83-FCCCD8CABFA4}.Debug|Any CPU.Build.0 = Debug|Any CPU
		{220D7921-37D7-4E48-AB83-FCCCD8CABFA4}.Release|Any CPU.ActiveCfg = Release|Any CPU
		{220D7921-37D7-4E48-AB83-FCCCD8CABFA4}.Release|Any CPU.Build.0 = Release|Any CPU
		{B5F090A2-AB58-494D-A699-6E18810CBE66}.Debug|Any CPU.ActiveCfg = Debug|Any CPU
		{B5F090A2-AB58-494D-A699-6E18810CBE66}.Debug|Any CPU.Build.0 = Debug|Any CPU
		{B5F090A2-AB58-494D-A699-6E18810CBE66}.Release|Any CPU.ActiveCfg = Release|Any CPU
		{B5F090A2-AB58-494D-A699-6E18810CBE66}.Release|Any CPU.Build.0 = Release|Any CPU
	EndGlobalSection
	GlobalSection(SolutionProperties) = preSolution
		HideSolutionNode = FALSE
	EndGlobalSection
	GlobalSection(ExtensibilityGlobals) = postSolution
		SolutionGuid = {910A737C-5A46-4401-A647-3AC823CFA52E}
	EndGlobalSection
EndGlobal
